
Microsoft Visual Studio Solution File, Format Version 12.00
# Visual Studio Version 17
VisualStudioVersion = 17.3.32929.385
MinimumVisualStudioVersion = 10.0.40219.1
Project("{8BC9CEB8-8B4A-11D0-8D11-00A0C91BC942}") = "DEMOO", "DEMOO\DEMOO.vcxproj", "{4F22DE54-1F3D-4D04-91E6-776108F564AB}"
EndProject
Global
	GlobalSection(SolutionConfigurationPlatforms) = preSolution
		Debug|x64 = Debug|x64
		Release|x64 = Release|x64
	EndGlobalSection
	GlobalSection(ProjectConfigurationPlatforms) = postSolution
		{4F22DE54-1F3D-4D04-91E6-776108F564AB}.Debug|x64.ActiveCfg = Debug|x64
		{4F22DE54-1F3D-4D04-91E6-776108F564AB}.Debug|x64.Build.0 = Debug|x64
		{4F22DE54-1F3D-4D04-91E6-776108F564AB}.Release|x64.ActiveCfg = Release|x64
		{4F22DE54-1F3D-4D04-91E6-776108F564AB}.Release|x64.Build.0 = Release|x64
	EndGlobalSection
	GlobalSection(SolutionProperties) = preSolution
		HideSolutionNode = FALSE
	EndGlobalSection
	GlobalSection(ExtensibilityGlobals) = postSolution
		SolutionGuid = {1C2F2352-7DCC-4F9E-B05E-40D4DB4BB897}
	EndGlobalSection
EndGlobal
